# This file is autogenerated, do not edit; changes may be undone by the next 'dep ensure'.


[[projects]]
  name = "github.com/computes/fake-ipfs-merkle-tree"
  packages = [
    ".",
    "node"
  ]
  revision = "8e4637a5edb1b3e2ee9bef8951bf6d5ba13d48ff"
  version = "v8.0.2"

[[projects]]
  branch = "master"
  name = "github.com/computes/go-debug"
  packages = ["."]
  revision = "7cb67a40409f4bbd31b6d0e8eb8b662bbdd3e252"

[[projects]]
  name = "github.com/computes/ipfs-http-api"
  packages = [
    "dag",
    "http"
  ]
  revision = "fd064af4af3d18e22e2833baa14e652366f74f43"
  version = "v7.0.3"

[[projects]]
  name = "github.com/urfave/cli"
  packages = ["."]
  revision = "cfb38830724cc34fedffe9a2a29fb54fa9169cd1"
  version = "v1.20.0"

[solve-meta]
  analyzer-name = "dep"
  analyzer-version = 1
  inputs-digest = "7e26791039a0eabe3d7d5c044b901575142396962807eedc161c056f3a2af139"
  solver-name = "gps-cdcl"
  solver-version = 1
