# This file is autogenerated, do not edit; changes may be undone by the next 'dep ensure'.


[[projects]]
  branch = "master"
  name = "github.com/computes/go-debug"
  packages = ["."]
  revision = "7cb67a40409f4bbd31b6d0e8eb8b662bbdd3e252"

[[projects]]
  name = "github.com/computes/go-ipld-polymorph"
  packages = ["."]
  revision = "6cb683234bfcf1fc55512199ea924fa13fc90d14"
  version = "v1.3.1"

[[projects]]
  name = "github.com/computes/go-sdk"
  packages = [
    "pkg/helpers/datasets",
    "pkg/helpers/tasks",
    "pkg/patterns/splitmapreduce",
    "pkg/types"
  ]
  revision = "6269d0e85e5b3119b18050d4394d09243395a176"
  version = "v2.1.0"

[[projects]]
  name = "github.com/computes/ipfs-http-api"
  packages = [
    "dag",
    "http"
  ]
  revision = "fd064af4af3d18e22e2833baa14e652366f74f43"
  version = "v7.0.3"

[[projects]]
  name = "github.com/google/uuid"
  packages = ["."]
  revision = "064e2069ce9c359c118179501254f67d7d37ba24"
  version = "0.2"

[[projects]]
  name = "github.com/urfave/cli"
  packages = ["."]
  revision = "cfb38830724cc34fedffe9a2a29fb54fa9169cd1"
  version = "v1.20.0"

[solve-meta]
  analyzer-name = "dep"
  analyzer-version = 1
  inputs-digest = "50e8b3a77f13e0ca1ab4be0a2feb63fafd9fbfea0ec88e29563d0d9b5a4d5de6"
  solver-name = "gps-cdcl"
  solver-version = 1
