# This file is autogenerated, do not edit; changes may be undone by the next 'dep ensure'.


[[projects]]
  branch = "master"
  name = "github.com/cbergoon/merkletree"
  packages = ["."]
  revision = "217f84c78ddaa0ef3c0302ef7a77422b31128f05"

[[projects]]
  name = "github.com/computes/fake-ipfs-merkle-tree"
  packages = ["."]
  revision = "1020d17ee4225dd0c58b324c99aea9c532e478b5"
  version = "v7.0.0"

[[projects]]
  branch = "master"
  name = "github.com/computes/go-debug"
  packages = ["."]
  revision = "7cb67a40409f4bbd31b6d0e8eb8b662bbdd3e252"

[[projects]]
  name = "github.com/computes/ipfs-http-api"
  packages = [
    "dag",
    "http"
  ]
  revision = "af3d93a7e428aa69963bd520a2f52f793961a39e"
  version = "v3.0.0"

[[projects]]
  name = "github.com/computes/ipfs-merkle-tree"
  packages = ["node"]
  revision = "178b4821bfd35f041274e98cd653bb9cfeafcf93"
  version = "v6.1.4"

[[projects]]
  name = "github.com/urfave/cli"
  packages = ["."]
  revision = "cfb38830724cc34fedffe9a2a29fb54fa9169cd1"
  version = "v1.20.0"

[solve-meta]
  analyzer-name = "dep"
  analyzer-version = 1
  inputs-digest = "54ef164453c557a72b9243a705bbd60525a35b808ace5210bf20820944911522"
  solver-name = "gps-cdcl"
  solver-version = 1
